# This file is automatically @generated by Poetry 1.8.3 and should not be changed by hand.

[[package]]
name = "anyio"
version = "4.4.0"
description = "High level compatibility layer for multiple asynchronous event loop implementations"
optional = false
python-versions = ">=3.8"
files = [
    {file = "anyio-4.4.0-py3-none-any.whl", hash = "sha256:c1b2d8f46a8a812513012e1107cb0e68c17159a7a594208005a57dc776e1bdc7"},
    {file = "anyio-4.4.0.tar.gz", hash = "sha256:5aadc6a1bbb7cdb0bede386cac5e2940f5e2ff3aa20277e991cf028e0585ce94"},
]

[package.dependencies]
idna = ">=2.8"
sniffio = ">=1.1"

[package.extras]
doc = ["Sphinx (>=7)", "packaging", "sphinx-autodoc-typehints (>=1.2.0)", "sphinx-rtd-theme"]
test = ["anyio[trio]", "coverage[toml] (>=7)", "exceptiongroup (>=1.2.0)", "hypothesis (>=4.0)", "psutil (>=5.9)", "pytest (>=7.0)", "pytest-mock (>=3.6.1)", "trustme", "uvloop (>=0.17)"]
trio = ["trio (>=0.23)"]

[[package]]
name = "certifi"
version = "2024.8.30"
description = "Python package for providing Mozilla's CA Bundle."
optional = false
python-versions = ">=3.6"
files = [
    {file = "certifi-2024.8.30-py3-none-any.whl", hash = "sha256:922820b53db7a7257ffbda3f597266d435245903d80737e34f8a45ff3e3230d8"},
    {file = "certifi-2024.8.30.tar.gz", hash = "sha256:bec941d2aa8195e248a60b31ff9f0558284cf01a52591ceda73ea9afffd69fd9"},
]

[[package]]
name = "colorama"
version = "0.4.6"
description = "Cross-platform colored terminal text."
optional = false
python-versions = "!=3.0.*,!=3.1.*,!=3.2.*,!=3.3.*,!=3.4.*,!=3.5.*,!=3.6.*,>=2.7"
files = [
    {file = "colorama-0.4.6-py2.py3-none-any.whl", hash = "sha256:4f1d9991f5acc0ca119f9d443620b77f9d6b33703e51011c16baf57afb285fc6"},
    {file = "colorama-0.4.6.tar.gz", hash = "sha256:08695f5cb7ed6e0531a20572697297273c47b8cae5a63ffc6d6ed5c201be6e44"},
]

[[package]]
name = "coverage"
version = "7.6.3"
description = "Code coverage measurement for Python"
optional = false
python-versions = ">=3.9"
files = [
    {file = "coverage-7.6.3-cp310-cp310-macosx_10_9_x86_64.whl", hash = "sha256:6da42bbcec130b188169107ecb6ee7bd7b4c849d24c9370a0c884cf728d8e976"},
    {file = "coverage-7.6.3-cp310-cp310-macosx_11_0_arm64.whl", hash = "sha256:c222958f59b0ae091f4535851cbb24eb57fc0baea07ba675af718fb5302dddb2"},
    {file = "coverage-7.6.3-cp310-cp310-manylinux_2_17_aarch64.manylinux2014_aarch64.whl", hash = "sha256:ab84a8b698ad5a6c365b08061920138e7a7dd9a04b6feb09ba1bfae68346ce6d"},
    {file = "coverage-7.6.3-cp310-cp310-manylinux_2_5_i686.manylinux1_i686.manylinux_2_17_i686.manylinux2014_i686.whl", hash = "sha256:70a6756ce66cd6fe8486c775b30889f0dc4cb20c157aa8c35b45fd7868255c5c"},
    {file = "coverage-7.6.3-cp310-cp310-manylinux_2_5_x86_64.manylinux1_x86_64.manylinux_2_17_x86_64.manylinux2014_x86_64.whl", hash = "sha256:3c2e6fa98032fec8282f6b27e3f3986c6e05702828380618776ad794e938f53a"},
    {file = "coverage-7.6.3-cp310-cp310-musllinux_1_2_aarch64.whl", hash = "sha256:921fbe13492caf6a69528f09d5d7c7d518c8d0e7b9f6701b7719715f29a71e6e"},
    {file = "coverage-7.6.3-cp310-cp310-musllinux_1_2_i686.whl", hash = "sha256:6d99198203f0b9cb0b5d1c0393859555bc26b548223a769baf7e321a627ed4fc"},
    {file = "coverage-7.6.3-cp310-cp310-musllinux_1_2_x86_64.whl", hash = "sha256:87cd2e29067ea397a47e352efb13f976eb1b03e18c999270bb50589323294c6e"},
    {file = "coverage-7.6.3-cp310-cp310-win32.whl", hash = "sha256:a3328c3e64ea4ab12b85999eb0779e6139295bbf5485f69d42cf794309e3d007"},
    {file = "coverage-7.6.3-cp310-cp310-win_amd64.whl", hash = "sha256:bca4c8abc50d38f9773c1ec80d43f3768df2e8576807d1656016b9d3eeaa96fd"},
    {file = "coverage-7.6.3-cp311-cp311-macosx_10_9_x86_64.whl", hash = "sha256:c51ef82302386d686feea1c44dbeef744585da16fcf97deea2a8d6c1556f519b"},
    {file = "coverage-7.6.3-cp311-cp311-macosx_11_0_arm64.whl", hash = "sha256:0ca37993206402c6c35dc717f90d4c8f53568a8b80f0bf1a1b2b334f4d488fba"},
    {file = "coverage-7.6.3-cp311-cp311-manylinux_2_17_aarch64.manylinux2014_aarch64.whl", hash = "sha256:c77326300b839c44c3e5a8fe26c15b7e87b2f32dfd2fc9fee1d13604347c9b38"},
    {file = "coverage-7.6.3-cp311-cp311-manylinux_2_5_i686.manylinux1_i686.manylinux_2_17_i686.manylinux2014_i686.whl", hash = "sha256:6e484e479860e00da1f005cd19d1c5d4a813324e5951319ac3f3eefb497cc549"},
    {file = "coverage-7.6.3-cp311-cp311-manylinux_2_5_x86_64.manylinux1_x86_64.manylinux_2_17_x86_64.manylinux2014_x86_64.whl", hash = "sha256:0c6c0f4d53ef603397fc894a895b960ecd7d44c727df42a8d500031716d4e8d2"},
    {file = "coverage-7.6.3-cp311-cp311-musllinux_1_2_aarch64.whl", hash = "sha256:37be7b5ea3ff5b7c4a9db16074dc94523b5f10dd1f3b362a827af66a55198175"},
    {file = "coverage-7.6.3-cp311-cp311-musllinux_1_2_i686.whl", hash = "sha256:43b32a06c47539fe275106b376658638b418c7cfdfff0e0259fbf877e845f14b"},
    {file = "coverage-7.6.3-cp311-cp311-musllinux_1_2_x86_64.whl", hash = "sha256:ee77c7bef0724165e795b6b7bf9c4c22a9b8468a6bdb9c6b4281293c6b22a90f"},
    {file = "coverage-7.6.3-cp311-cp311-win32.whl", hash = "sha256:43517e1f6b19f610a93d8227e47790722c8bf7422e46b365e0469fc3d3563d97"},
    {file = "coverage-7.6.3-cp311-cp311-win_amd64.whl", hash = "sha256:04f2189716e85ec9192df307f7c255f90e78b6e9863a03223c3b998d24a3c6c6"},
    {file = "coverage-7.6.3-cp312-cp312-macosx_10_13_x86_64.whl", hash = "sha256:27bd5f18d8f2879e45724b0ce74f61811639a846ff0e5c0395b7818fae87aec6"},
    {file = "coverage-7.6.3-cp312-cp312-macosx_11_0_arm64.whl", hash = "sha256:d546cfa78844b8b9c1c0533de1851569a13f87449897bbc95d698d1d3cb2a30f"},
    {file = "coverage-7.6.3-cp312-cp312-manylinux_2_17_aarch64.manylinux2014_aarch64.whl", hash = "sha256:9975442f2e7a5cfcf87299c26b5a45266ab0696348420049b9b94b2ad3d40234"},
    {file = "coverage-7.6.3-cp312-cp312-manylinux_2_5_i686.manylinux1_i686.manylinux_2_17_i686.manylinux2014_i686.whl", hash = "sha256:583049c63106c0555e3ae3931edab5669668bbef84c15861421b94e121878d3f"},
    {file = "coverage-7.6.3-cp312-cp312-manylinux_2_5_x86_64.manylinux1_x86_64.manylinux_2_17_x86_64.manylinux2014_x86_64.whl", hash = "sha256:2341a78ae3a5ed454d524206a3fcb3cec408c2a0c7c2752cd78b606a2ff15af4"},
    {file = "coverage-7.6.3-cp312-cp312-musllinux_1_2_aarch64.whl", hash = "sha256:a4fb91d5f72b7e06a14ff4ae5be625a81cd7e5f869d7a54578fc271d08d58ae3"},
    {file = "coverage-7.6.3-cp312-cp312-musllinux_1_2_i686.whl", hash = "sha256:e279f3db904e3b55f520f11f983cc8dc8a4ce9b65f11692d4718ed021ec58b83"},
    {file = "coverage-7.6.3-cp312-cp312-musllinux_1_2_x86_64.whl", hash = "sha256:aa23ce39661a3e90eea5f99ec59b763b7d655c2cada10729ed920a38bfc2b167"},
    {file = "coverage-7.6.3-cp312-cp312-win32.whl", hash = "sha256:52ac29cc72ee7e25ace7807249638f94c9b6a862c56b1df015d2b2e388e51dbd"},
    {file = "coverage-7.6.3-cp312-cp312-win_amd64.whl", hash = "sha256:40e8b1983080439d4802d80b951f4a93d991ef3261f69e81095a66f86cf3c3c6"},
    {file = "coverage-7.6.3-cp313-cp313-macosx_10_13_x86_64.whl", hash = "sha256:9134032f5aa445ae591c2ba6991d10136a1f533b1d2fa8f8c21126468c5025c6"},
    {file = "coverage-7.6.3-cp313-cp313-macosx_11_0_arm64.whl", hash = "sha256:99670790f21a96665a35849990b1df447993880bb6463a0a1d757897f30da929"},
    {file = "coverage-7.6.3-cp313-cp313-manylinux_2_17_aarch64.manylinux2014_aarch64.whl", hash = "sha256:2dc7d6b380ca76f5e817ac9eef0c3686e7834c8346bef30b041a4ad286449990"},
    {file = "coverage-7.6.3-cp313-cp313-manylinux_2_5_i686.manylinux1_i686.manylinux_2_17_i686.manylinux2014_i686.whl", hash = "sha256:f7b26757b22faf88fcf232f5f0e62f6e0fd9e22a8a5d0d5016888cdfe1f6c1c4"},
    {file = "coverage-7.6.3-cp313-cp313-manylinux_2_5_x86_64.manylinux1_x86_64.manylinux_2_17_x86_64.manylinux2014_x86_64.whl", hash = "sha256:4c59d6a4a4633fad297f943c03d0d2569867bd5372eb5684befdff8df8522e39"},
    {file = "coverage-7.6.3-cp313-cp313-musllinux_1_2_aarch64.whl", hash = "sha256:f263b18692f8ed52c8de7f40a0751e79015983dbd77b16906e5b310a39d3ca21"},
    {file = "coverage-7.6.3-cp313-cp313-musllinux_1_2_i686.whl", hash = "sha256:79644f68a6ff23b251cae1c82b01a0b51bc40c8468ca9585c6c4b1aeee570e0b"},
    {file = "coverage-7.6.3-cp313-cp313-musllinux_1_2_x86_64.whl", hash = "sha256:71967c35828c9ff94e8c7d405469a1fb68257f686bca7c1ed85ed34e7c2529c4"},
    {file = "coverage-7.6.3-cp313-cp313-win32.whl", hash = "sha256:e266af4da2c1a4cbc6135a570c64577fd3e6eb204607eaff99d8e9b710003c6f"},
    {file = "coverage-7.6.3-cp313-cp313-win_amd64.whl", hash = "sha256:ea52bd218d4ba260399a8ae4bb6b577d82adfc4518b93566ce1fddd4a49d1dce"},
    {file = "coverage-7.6.3-cp313-cp313t-macosx_10_13_x86_64.whl", hash = "sha256:8d4c6ea0f498c7c79111033a290d060c517853a7bcb2f46516f591dab628ddd3"},
    {file = "coverage-7.6.3-cp313-cp313t-macosx_11_0_arm64.whl", hash = "sha256:331b200ad03dbaa44151d74daeb7da2cf382db424ab923574f6ecca7d3b30de3"},
    {file = "coverage-7.6.3-cp313-cp313t-manylinux_2_17_aarch64.manylinux2014_aarch64.whl", hash = "sha256:54356a76b67cf8a3085818026bb556545ebb8353951923b88292556dfa9f812d"},
    {file = "coverage-7.6.3-cp313-cp313t-manylinux_2_5_i686.manylinux1_i686.manylinux_2_17_i686.manylinux2014_i686.whl", hash = "sha256:ebec65f5068e7df2d49466aab9128510c4867e532e07cb6960075b27658dca38"},
    {file = "coverage-7.6.3-cp313-cp313t-manylinux_2_5_x86_64.manylinux1_x86_64.manylinux_2_17_x86_64.manylinux2014_x86_64.whl", hash = "sha256:d33a785ea8354c480515e781554d3be582a86297e41ccbea627a5c632647f2cd"},
    {file = "coverage-7.6.3-cp313-cp313t-musllinux_1_2_aarch64.whl", hash = "sha256:f7ddb920106bbbbcaf2a274d56f46956bf56ecbde210d88061824a95bdd94e92"},
    {file = "coverage-7.6.3-cp313-cp313t-musllinux_1_2_i686.whl", hash = "sha256:70d24936ca6c15a3bbc91ee9c7fc661132c6f4c9d42a23b31b6686c05073bde5"},
    {file = "coverage-7.6.3-cp313-cp313t-musllinux_1_2_x86_64.whl", hash = "sha256:c30e42ea11badb147f0d2e387115b15e2bd8205a5ad70d6ad79cf37f6ac08c91"},
    {file = "coverage-7.6.3-cp313-cp313t-win32.whl", hash = "sha256:365defc257c687ce3e7d275f39738dcd230777424117a6c76043459db131dd43"},
    {file = "coverage-7.6.3-cp313-cp313t-win_amd64.whl", hash = "sha256:23bb63ae3f4c645d2d82fa22697364b0046fbafb6261b258a58587441c5f7bd0"},
    {file = "coverage-7.6.3-cp39-cp39-macosx_10_9_x86_64.whl", hash = "sha256:da29ceabe3025a1e5a5aeeb331c5b1af686daab4ff0fb4f83df18b1180ea83e2"},
    {file = "coverage-7.6.3-cp39-cp39-macosx_11_0_arm64.whl", hash = "sha256:df8c05a0f574d480947cba11b947dc41b1265d721c3777881da2fb8d3a1ddfba"},
    {file = "coverage-7.6.3-cp39-cp39-manylinux_2_17_aarch64.manylinux2014_aarch64.whl", hash = "sha256:ec1e3b40b82236d100d259854840555469fad4db64f669ab817279eb95cd535c"},
    {file = "coverage-7.6.3-cp39-cp39-manylinux_2_5_i686.manylinux1_i686.manylinux_2_17_i686.manylinux2014_i686.whl", hash = "sha256:b4adeb878a374126f1e5cf03b87f66279f479e01af0e9a654cf6d1509af46c40"},
    {file = "coverage-7.6.3-cp39-cp39-manylinux_2_5_x86_64.manylinux1_x86_64.manylinux_2_17_x86_64.manylinux2014_x86_64.whl", hash = "sha256:43d6a66e33b1455b98fc7312b124296dad97a2e191c80320587234a77b1b736e"},
    {file = "coverage-7.6.3-cp39-cp39-musllinux_1_2_aarch64.whl", hash = "sha256:1990b1f4e2c402beb317840030bb9f1b6a363f86e14e21b4212e618acdfce7f6"},
    {file = "coverage-7.6.3-cp39-cp39-musllinux_1_2_i686.whl", hash = "sha256:12f9515d875859faedb4144fd38694a761cd2a61ef9603bf887b13956d0bbfbb"},
    {file = "coverage-7.6.3-cp39-cp39-musllinux_1_2_x86_64.whl", hash = "sha256:99ded130555c021d99729fabd4ddb91a6f4cc0707df4b1daf912c7850c373b13"},
    {file = "coverage-7.6.3-cp39-cp39-win32.whl", hash = "sha256:c3a79f56dee9136084cf84a6c7c4341427ef36e05ae6415bf7d787c96ff5eaa3"},
    {file = "coverage-7.6.3-cp39-cp39-win_amd64.whl", hash = "sha256:aac7501ae73d4a02f4b7ac8fcb9dc55342ca98ffb9ed9f2dfb8a25d53eda0e4d"},
    {file = "coverage-7.6.3-pp39.pp310-none-any.whl", hash = "sha256:b9853509b4bf57ba7b1f99b9d866c422c9c5248799ab20e652bbb8a184a38181"},
    {file = "coverage-7.6.3.tar.gz", hash = "sha256:bb7d5fe92bd0dc235f63ebe9f8c6e0884f7360f88f3411bfed1350c872ef2054"},
]

[package.extras]
toml = ["tomli"]

[[package]]
name = "greenlet"
version = "3.0.3"
description = "Lightweight in-process concurrent programming"
optional = false
python-versions = ">=3.7"
files = [
    {file = "greenlet-3.0.3-cp310-cp310-macosx_11_0_universal2.whl", hash = "sha256:9da2bd29ed9e4f15955dd1595ad7bc9320308a3b766ef7f837e23ad4b4aac31a"},
    {file = "greenlet-3.0.3-cp310-cp310-manylinux_2_17_aarch64.manylinux2014_aarch64.whl", hash = "sha256:d353cadd6083fdb056bb46ed07e4340b0869c305c8ca54ef9da3421acbdf6881"},
    {file = "greenlet-3.0.3-cp310-cp310-manylinux_2_17_ppc64le.manylinux2014_ppc64le.whl", hash = "sha256:dca1e2f3ca00b84a396bc1bce13dd21f680f035314d2379c4160c98153b2059b"},
    {file = "greenlet-3.0.3-cp310-cp310-manylinux_2_17_s390x.manylinux2014_s390x.whl", hash = "sha256:3ed7fb269f15dc662787f4119ec300ad0702fa1b19d2135a37c2c4de6fadfd4a"},
    {file = "greenlet-3.0.3-cp310-cp310-manylinux_2_17_x86_64.manylinux2014_x86_64.whl", hash = "sha256:dd4f49ae60e10adbc94b45c0b5e6a179acc1736cf7a90160b404076ee283cf83"},
    {file = "greenlet-3.0.3-cp310-cp310-manylinux_2_24_x86_64.manylinux_2_28_x86_64.whl", hash = "sha256:73a411ef564e0e097dbe7e866bb2dda0f027e072b04da387282b02c308807405"},
    {file = "greenlet-3.0.3-cp310-cp310-musllinux_1_1_aarch64.whl", hash = "sha256:7f362975f2d179f9e26928c5b517524e89dd48530a0202570d55ad6ca5d8a56f"},
    {file = "greenlet-3.0.3-cp310-cp310-musllinux_1_1_x86_64.whl", hash = "sha256:649dde7de1a5eceb258f9cb00bdf50e978c9db1b996964cd80703614c86495eb"},
    {file = "greenlet-3.0.3-cp310-cp310-win_amd64.whl", hash = "sha256:68834da854554926fbedd38c76e60c4a2e3198c6fbed520b106a8986445caaf9"},
    {file = "greenlet-3.0.3-cp311-cp311-macosx_11_0_universal2.whl", hash = "sha256:b1b5667cced97081bf57b8fa1d6bfca67814b0afd38208d52538316e9422fc61"},
    {file = "greenlet-3.0.3-cp311-cp311-manylinux_2_17_aarch64.manylinux2014_aarch64.whl", hash = "sha256:52f59dd9c96ad2fc0d5724107444f76eb20aaccb675bf825df6435acb7703559"},
    {file = "greenlet-3.0.3-cp311-cp311-manylinux_2_17_ppc64le.manylinux2014_ppc64le.whl", hash = "sha256:afaff6cf5200befd5cec055b07d1c0a5a06c040fe5ad148abcd11ba6ab9b114e"},
    {file = "greenlet-3.0.3-cp311-cp311-manylinux_2_17_s390x.manylinux2014_s390x.whl", hash = "sha256:fe754d231288e1e64323cfad462fcee8f0288654c10bdf4f603a39ed923bef33"},
    {file = "greenlet-3.0.3-cp311-cp311-manylinux_2_17_x86_64.manylinux2014_x86_64.whl", hash = "sha256:2797aa5aedac23af156bbb5a6aa2cd3427ada2972c828244eb7d1b9255846379"},
    {file = "greenlet-3.0.3-cp311-cp311-manylinux_2_24_x86_64.manylinux_2_28_x86_64.whl", hash = "sha256:b7f009caad047246ed379e1c4dbcb8b020f0a390667ea74d2387be2998f58a22"},
    {file = "greenlet-3.0.3-cp311-cp311-musllinux_1_1_aarch64.whl", hash = "sha256:c5e1536de2aad7bf62e27baf79225d0d64360d4168cf2e6becb91baf1ed074f3"},
    {file = "greenlet-3.0.3-cp311-cp311-musllinux_1_1_x86_64.whl", hash = "sha256:894393ce10ceac937e56ec00bb71c4c2f8209ad516e96033e4b3b1de270e200d"},
    {file = "greenlet-3.0.3-cp311-cp311-win_amd64.whl", hash = "sha256:1ea188d4f49089fc6fb283845ab18a2518d279c7cd9da1065d7a84e991748728"},
    {file = "greenlet-3.0.3-cp312-cp312-macosx_11_0_universal2.whl", hash = "sha256:70fb482fdf2c707765ab5f0b6655e9cfcf3780d8d87355a063547b41177599be"},
    {file = "greenlet-3.0.3-cp312-cp312-manylinux_2_17_aarch64.manylinux2014_aarch64.whl", hash = "sha256:d4d1ac74f5c0c0524e4a24335350edad7e5f03b9532da7ea4d3c54d527784f2e"},
    {file = "greenlet-3.0.3-cp312-cp312-manylinux_2_17_ppc64le.manylinux2014_ppc64le.whl", hash = "sha256:149e94a2dd82d19838fe4b2259f1b6b9957d5ba1b25640d2380bea9c5df37676"},
    {file = "greenlet-3.0.3-cp312-cp312-manylinux_2_17_s390x.manylinux2014_s390x.whl", hash = "sha256:15d79dd26056573940fcb8c7413d84118086f2ec1a8acdfa854631084393efcc"},
    {file = "greenlet-3.0.3-cp312-cp312-manylinux_2_17_x86_64.manylinux2014_x86_64.whl", hash = "sha256:881b7db1ebff4ba09aaaeae6aa491daeb226c8150fc20e836ad00041bcb11230"},
    {file = "greenlet-3.0.3-cp312-cp312-manylinux_2_24_x86_64.manylinux_2_28_x86_64.whl", hash = "sha256:fcd2469d6a2cf298f198f0487e0a5b1a47a42ca0fa4dfd1b6862c999f018ebbf"},
    {file = "greenlet-3.0.3-cp312-cp312-musllinux_1_1_aarch64.whl", hash = "sha256:1f672519db1796ca0d8753f9e78ec02355e862d0998193038c7073045899f305"},
    {file = "greenlet-3.0.3-cp312-cp312-musllinux_1_1_x86_64.whl", hash = "sha256:2516a9957eed41dd8f1ec0c604f1cdc86758b587d964668b5b196a9db5bfcde6"},
    {file = "greenlet-3.0.3-cp312-cp312-win_amd64.whl", hash = "sha256:bba5387a6975598857d86de9eac14210a49d554a77eb8261cc68b7d082f78ce2"},
    {file = "greenlet-3.0.3-cp37-cp37m-macosx_11_0_universal2.whl", hash = "sha256:5b51e85cb5ceda94e79d019ed36b35386e8c37d22f07d6a751cb659b180d5274"},
    {file = "greenlet-3.0.3-cp37-cp37m-manylinux_2_17_aarch64.manylinux2014_aarch64.whl", hash = "sha256:daf3cb43b7cf2ba96d614252ce1684c1bccee6b2183a01328c98d36fcd7d5cb0"},
    {file = "greenlet-3.0.3-cp37-cp37m-manylinux_2_17_ppc64le.manylinux2014_ppc64le.whl", hash = "sha256:99bf650dc5d69546e076f413a87481ee1d2d09aaaaaca058c9251b6d8c14783f"},
    {file = "greenlet-3.0.3-cp37-cp37m-manylinux_2_17_s390x.manylinux2014_s390x.whl", hash = "sha256:2dd6e660effd852586b6a8478a1d244b8dc90ab5b1321751d2ea15deb49ed414"},
    {file = "greenlet-3.0.3-cp37-cp37m-manylinux_2_17_x86_64.manylinux2014_x86_64.whl", hash = "sha256:e3391d1e16e2a5a1507d83e4a8b100f4ee626e8eca43cf2cadb543de69827c4c"},
    {file = "greenlet-3.0.3-cp37-cp37m-manylinux_2_24_x86_64.manylinux_2_28_x86_64.whl", hash = "sha256:e1f145462f1fa6e4a4ae3c0f782e580ce44d57c8f2c7aae1b6fa88c0b2efdb41"},
    {file = "greenlet-3.0.3-cp37-cp37m-musllinux_1_1_aarch64.whl", hash = "sha256:1a7191e42732df52cb5f39d3527217e7ab73cae2cb3694d241e18f53d84ea9a7"},
    {file = "greenlet-3.0.3-cp37-cp37m-musllinux_1_1_x86_64.whl", hash = "sha256:0448abc479fab28b00cb472d278828b3ccca164531daab4e970a0458786055d6"},
    {file = "greenlet-3.0.3-cp37-cp37m-win32.whl", hash = "sha256:b542be2440edc2d48547b5923c408cbe0fc94afb9f18741faa6ae970dbcb9b6d"},
    {file = "greenlet-3.0.3-cp37-cp37m-win_amd64.whl", hash = "sha256:01bc7ea167cf943b4c802068e178bbf70ae2e8c080467070d01bfa02f337ee67"},
    {file = "greenlet-3.0.3-cp38-cp38-macosx_11_0_universal2.whl", hash = "sha256:1996cb9306c8595335bb157d133daf5cf9f693ef413e7673cb07e3e5871379ca"},
    {file = "greenlet-3.0.3-cp38-cp38-manylinux_2_17_aarch64.manylinux2014_aarch64.whl", hash = "sha256:3ddc0f794e6ad661e321caa8d2f0a55ce01213c74722587256fb6566049a8b04"},
    {file = "greenlet-3.0.3-cp38-cp38-manylinux_2_17_ppc64le.manylinux2014_ppc64le.whl", hash = "sha256:c9db1c18f0eaad2f804728c67d6c610778456e3e1cc4ab4bbd5eeb8e6053c6fc"},
    {file = "greenlet-3.0.3-cp38-cp38-manylinux_2_17_s390x.manylinux2014_s390x.whl", hash = "sha256:7170375bcc99f1a2fbd9c306f5be8764eaf3ac6b5cb968862cad4c7057756506"},
    {file = "greenlet-3.0.3-cp38-cp38-manylinux_2_17_x86_64.manylinux2014_x86_64.whl", hash = "sha256:6b66c9c1e7ccabad3a7d037b2bcb740122a7b17a53734b7d72a344ce39882a1b"},
    {file = "greenlet-3.0.3-cp38-cp38-manylinux_2_24_x86_64.manylinux_2_28_x86_64.whl", hash = "sha256:098d86f528c855ead3479afe84b49242e174ed262456c342d70fc7f972bc13c4"},
    {file = "greenlet-3.0.3-cp38-cp38-musllinux_1_1_aarch64.whl", hash = "sha256:81bb9c6d52e8321f09c3d165b2a78c680506d9af285bfccbad9fb7ad5a5da3e5"},
    {file = "greenlet-3.0.3-cp38-cp38-musllinux_1_1_x86_64.whl", hash = "sha256:fd096eb7ffef17c456cfa587523c5f92321ae02427ff955bebe9e3c63bc9f0da"},
    {file = "greenlet-3.0.3-cp38-cp38-win32.whl", hash = "sha256:d46677c85c5ba00a9cb6f7a00b2bfa6f812192d2c9f7d9c4f6a55b60216712f3"},
    {file = "greenlet-3.0.3-cp38-cp38-win_amd64.whl", hash = "sha256:419b386f84949bf0e7c73e6032e3457b82a787c1ab4a0e43732898a761cc9dbf"},
    {file = "greenlet-3.0.3-cp39-cp39-macosx_11_0_universal2.whl", hash = "sha256:da70d4d51c8b306bb7a031d5cff6cc25ad253affe89b70352af5f1cb68e74b53"},
    {file = "greenlet-3.0.3-cp39-cp39-manylinux_2_17_aarch64.manylinux2014_aarch64.whl", hash = "sha256:086152f8fbc5955df88382e8a75984e2bb1c892ad2e3c80a2508954e52295257"},
    {file = "greenlet-3.0.3-cp39-cp39-manylinux_2_17_ppc64le.manylinux2014_ppc64le.whl", hash = "sha256:d73a9fe764d77f87f8ec26a0c85144d6a951a6c438dfe50487df5595c6373eac"},
    {file = "greenlet-3.0.3-cp39-cp39-manylinux_2_17_s390x.manylinux2014_s390x.whl", hash = "sha256:b7dcbe92cc99f08c8dd11f930de4d99ef756c3591a5377d1d9cd7dd5e896da71"},
    {file = "greenlet-3.0.3-cp39-cp39-manylinux_2_17_x86_64.manylinux2014_x86_64.whl", hash = "sha256:1551a8195c0d4a68fac7a4325efac0d541b48def35feb49d803674ac32582f61"},
    {file = "greenlet-3.0.3-cp39-cp39-manylinux_2_24_x86_64.manylinux_2_28_x86_64.whl", hash = "sha256:64d7675ad83578e3fc149b617a444fab8efdafc9385471f868eb5ff83e446b8b"},
    {file = "greenlet-3.0.3-cp39-cp39-musllinux_1_1_aarch64.whl", hash = "sha256:b37eef18ea55f2ffd8f00ff8fe7c8d3818abd3e25fb73fae2ca3b672e333a7a6"},
    {file = "greenlet-3.0.3-cp39-cp39-musllinux_1_1_x86_64.whl", hash = "sha256:77457465d89b8263bca14759d7c1684df840b6811b2499838cc5b040a8b5b113"},
    {file = "greenlet-3.0.3-cp39-cp39-win32.whl", hash = "sha256:57e8974f23e47dac22b83436bdcf23080ade568ce77df33159e019d161ce1d1e"},
    {file = "greenlet-3.0.3-cp39-cp39-win_amd64.whl", hash = "sha256:c5ee858cfe08f34712f548c3c363e807e7186f03ad7a5039ebadb29e8c6be067"},
    {file = "greenlet-3.0.3.tar.gz", hash = "sha256:43374442353259554ce33599da8b692d5aa96f8976d567d4badf263371fbe491"},
]

[package.extras]
docs = ["Sphinx", "furo"]
test = ["objgraph", "psutil"]

[[package]]
name = "h11"
version = "0.14.0"
description = "A pure-Python, bring-your-own-I/O implementation of HTTP/1.1"
optional = false
python-versions = ">=3.7"
files = [
    {file = "h11-0.14.0-py3-none-any.whl", hash = "sha256:e3fe4ac4b851c468cc8363d500db52c2ead036020723024a109d37346efaa761"},
    {file = "h11-0.14.0.tar.gz", hash = "sha256:8f19fbbe99e72420ff35c00b27a34cb9937e902a8b810e2c88300c6f0a3b699d"},
]

[[package]]
name = "httpcore"
version = "1.0.5"
description = "A minimal low-level HTTP client."
optional = false
python-versions = ">=3.8"
files = [
    {file = "httpcore-1.0.5-py3-none-any.whl", hash = "sha256:421f18bac248b25d310f3cacd198d55b8e6125c107797b609ff9b7a6ba7991b5"},
    {file = "httpcore-1.0.5.tar.gz", hash = "sha256:34a38e2f9291467ee3b44e89dd52615370e152954ba21721378a87b2960f7a61"},
]

[package.dependencies]
certifi = "*"
h11 = ">=0.13,<0.15"

[package.extras]
asyncio = ["anyio (>=4.0,<5.0)"]
http2 = ["h2 (>=3,<5)"]
socks = ["socksio (==1.*)"]
trio = ["trio (>=0.22.0,<0.26.0)"]

[[package]]
name = "httpx"
version = "0.27.2"
description = "The next generation HTTP client."
optional = false
python-versions = ">=3.8"
files = [
    {file = "httpx-0.27.2-py3-none-any.whl", hash = "sha256:7bb2708e112d8fdd7829cd4243970f0c223274051cb35ee80c03301ee29a3df0"},
    {file = "httpx-0.27.2.tar.gz", hash = "sha256:f7c2be1d2f3c3c3160d441802406b206c2b76f5947b11115e6df10c6c65e66c2"},
]

[package.dependencies]
anyio = "*"
certifi = "*"
httpcore = "==1.*"
idna = "*"
sniffio = "*"

[package.extras]
brotli = ["brotli", "brotlicffi"]
cli = ["click (==8.*)", "pygments (==2.*)", "rich (>=10,<14)"]
http2 = ["h2 (>=3,<5)"]
socks = ["socksio (==1.*)"]
zstd = ["zstandard (>=0.18.0)"]

[[package]]
name = "idna"
version = "3.8"
description = "Internationalized Domain Names in Applications (IDNA)"
optional = false
python-versions = ">=3.6"
files = [
    {file = "idna-3.8-py3-none-any.whl", hash = "sha256:050b4e5baadcd44d760cedbd2b8e639f2ff89bbc7a5730fcc662954303377aac"},
    {file = "idna-3.8.tar.gz", hash = "sha256:d838c2c0ed6fced7693d5e8ab8e734d5f8fda53a039c0164afb0b82e771e3603"},
]

[[package]]
name = "iniconfig"
version = "2.0.0"
description = "brain-dead simple config-ini parsing"
optional = false
python-versions = ">=3.7"
files = [
    {file = "iniconfig-2.0.0-py3-none-any.whl", hash = "sha256:b6a85871a79d2e3b22d2d1b94ac2824226a63c6b741c88f7ae975f18b6778374"},
    {file = "iniconfig-2.0.0.tar.gz", hash = "sha256:2d91e135bf72d31a410b17c16da610a82cb55f6b0477d1a902134b24a455b8b3"},
]

[[package]]
name = "jinja2"
version = "3.1.4"
description = "A very fast and expressive template engine."
optional = false
python-versions = ">=3.7"
files = [
    {file = "jinja2-3.1.4-py3-none-any.whl", hash = "sha256:bc5dd2abb727a5319567b7a813e6a2e7318c39f4f487cfe6c89c6f9c7d25197d"},
    {file = "jinja2-3.1.4.tar.gz", hash = "sha256:4a3aee7acbbe7303aede8e9648d13b8bf88a429282aa6122a993f0ac800cb369"},
]

[package.dependencies]
MarkupSafe = ">=2.0"

[package.extras]
i18n = ["Babel (>=2.7)"]

[[package]]
name = "markupsafe"
version = "3.0.1"
description = "Safely add untrusted strings to HTML/XML markup."
optional = false
python-versions = ">=3.9"
files = [
    {file = "MarkupSafe-3.0.1-cp310-cp310-macosx_10_9_universal2.whl", hash = "sha256:db842712984e91707437461930e6011e60b39136c7331e971952bb30465bc1a1"},
    {file = "MarkupSafe-3.0.1-cp310-cp310-macosx_11_0_arm64.whl", hash = "sha256:3ffb4a8e7d46ed96ae48805746755fadd0909fea2306f93d5d8233ba23dda12a"},
    {file = "MarkupSafe-3.0.1-cp310-cp310-manylinux_2_17_aarch64.manylinux2014_aarch64.whl", hash = "sha256:67c519635a4f64e495c50e3107d9b4075aec33634272b5db1cde839e07367589"},
    {file = "MarkupSafe-3.0.1-cp310-cp310-manylinux_2_17_x86_64.manylinux2014_x86_64.whl", hash = "sha256:48488d999ed50ba8d38c581d67e496f955821dc183883550a6fbc7f1aefdc170"},
    {file = "MarkupSafe-3.0.1-cp310-cp310-manylinux_2_5_i686.manylinux1_i686.manylinux_2_17_i686.manylinux2014_i686.whl", hash = "sha256:f31ae06f1328595d762c9a2bf29dafd8621c7d3adc130cbb46278079758779ca"},
    {file = "MarkupSafe-3.0.1-cp310-cp310-musllinux_1_2_aarch64.whl", hash = "sha256:80fcbf3add8790caddfab6764bde258b5d09aefbe9169c183f88a7410f0f6dea"},
    {file = "MarkupSafe-3.0.1-cp310-cp310-musllinux_1_2_i686.whl", hash = "sha256:3341c043c37d78cc5ae6e3e305e988532b072329639007fd408a476642a89fd6"},
    {file = "MarkupSafe-3.0.1-cp310-cp310-musllinux_1_2_x86_64.whl", hash = "sha256:cb53e2a99df28eee3b5f4fea166020d3ef9116fdc5764bc5117486e6d1211b25"},
    {file = "MarkupSafe-3.0.1-cp310-cp310-win32.whl", hash = "sha256:db15ce28e1e127a0013dfb8ac243a8e392db8c61eae113337536edb28bdc1f97"},
    {file = "MarkupSafe-3.0.1-cp310-cp310-win_amd64.whl", hash = "sha256:4ffaaac913c3f7345579db4f33b0020db693f302ca5137f106060316761beea9"},
    {file = "MarkupSafe-3.0.1-cp311-cp311-macosx_10_9_universal2.whl", hash = "sha256:26627785a54a947f6d7336ce5963569b5d75614619e75193bdb4e06e21d447ad"},
    {file = "MarkupSafe-3.0.1-cp311-cp311-macosx_11_0_arm64.whl", hash = "sha256:b954093679d5750495725ea6f88409946d69cfb25ea7b4c846eef5044194f583"},
    {file = "MarkupSafe-3.0.1-cp311-cp311-manylinux_2_17_aarch64.manylinux2014_aarch64.whl", hash = "sha256:973a371a55ce9ed333a3a0f8e0bcfae9e0d637711534bcb11e130af2ab9334e7"},
    {file = "MarkupSafe-3.0.1-cp311-cp311-manylinux_2_17_x86_64.manylinux2014_x86_64.whl", hash = "sha256:244dbe463d5fb6d7ce161301a03a6fe744dac9072328ba9fc82289238582697b"},
    {file = "MarkupSafe-3.0.1-cp311-cp311-manylinux_2_5_i686.manylinux1_i686.manylinux_2_17_i686.manylinux2014_i686.whl", hash = "sha256:d98e66a24497637dd31ccab090b34392dddb1f2f811c4b4cd80c230205c074a3"},
    {file = "MarkupSafe-3.0.1-cp311-cp311-musllinux_1_2_aarch64.whl", hash = "sha256:ad91738f14eb8da0ff82f2acd0098b6257621410dcbd4df20aaa5b4233d75a50"},
    {file = "MarkupSafe-3.0.1-cp311-cp311-musllinux_1_2_i686.whl", hash = "sha256:7044312a928a66a4c2a22644147bc61a199c1709712069a344a3fb5cfcf16915"},
    {file = "MarkupSafe-3.0.1-cp311-cp311-musllinux_1_2_x86_64.whl", hash = "sha256:a4792d3b3a6dfafefdf8e937f14906a51bd27025a36f4b188728a73382231d91"},
    {file = "MarkupSafe-3.0.1-cp311-cp311-win32.whl", hash = "sha256:fa7d686ed9883f3d664d39d5a8e74d3c5f63e603c2e3ff0abcba23eac6542635"},
    {file = "MarkupSafe-3.0.1-cp311-cp311-win_amd64.whl", hash = "sha256:9ba25a71ebf05b9bb0e2ae99f8bc08a07ee8e98c612175087112656ca0f5c8bf"},
    {file = "MarkupSafe-3.0.1-cp312-cp312-macosx_10_13_universal2.whl", hash = "sha256:8ae369e84466aa70f3154ee23c1451fda10a8ee1b63923ce76667e3077f2b0c4"},
    {file = "MarkupSafe-3.0.1-cp312-cp312-macosx_11_0_arm64.whl", hash = "sha256:40f1e10d51c92859765522cbd79c5c8989f40f0419614bcdc5015e7b6bf97fc5"},
    {file = "MarkupSafe-3.0.1-cp312-cp312-manylinux_2_17_aarch64.manylinux2014_aarch64.whl", hash = "sha256:5a4cb365cb49b750bdb60b846b0c0bc49ed62e59a76635095a179d440540c346"},
    {file = "MarkupSafe-3.0.1-cp312-cp312-manylinux_2_17_x86_64.manylinux2014_x86_64.whl", hash = "sha256:ee3941769bd2522fe39222206f6dd97ae83c442a94c90f2b7a25d847d40f4729"},
    {file = "MarkupSafe-3.0.1-cp312-cp312-manylinux_2_5_i686.manylinux1_i686.manylinux_2_17_i686.manylinux2014_i686.whl", hash = "sha256:62fada2c942702ef8952754abfc1a9f7658a4d5460fabe95ac7ec2cbe0d02abc"},
    {file = "MarkupSafe-3.0.1-cp312-cp312-musllinux_1_2_aarch64.whl", hash = "sha256:4c2d64fdba74ad16138300815cfdc6ab2f4647e23ced81f59e940d7d4a1469d9"},
    {file = "MarkupSafe-3.0.1-cp312-cp312-musllinux_1_2_i686.whl", hash = "sha256:fb532dd9900381d2e8f48172ddc5a59db4c445a11b9fab40b3b786da40d3b56b"},
    {file = "MarkupSafe-3.0.1-cp312-cp312-musllinux_1_2_x86_64.whl", hash = "sha256:0f84af7e813784feb4d5e4ff7db633aba6c8ca64a833f61d8e4eade234ef0c38"},
    {file = "MarkupSafe-3.0.1-cp312-cp312-win32.whl", hash = "sha256:cbf445eb5628981a80f54087f9acdbf84f9b7d862756110d172993b9a5ae81aa"},
    {file = "MarkupSafe-3.0.1-cp312-cp312-win_amd64.whl", hash = "sha256:a10860e00ded1dd0a65b83e717af28845bb7bd16d8ace40fe5531491de76b79f"},
    {file = "MarkupSafe-3.0.1-cp313-cp313-macosx_10_13_universal2.whl", hash = "sha256:e81c52638315ff4ac1b533d427f50bc0afc746deb949210bc85f05d4f15fd772"},
    {file = "MarkupSafe-3.0.1-cp313-cp313-macosx_11_0_arm64.whl", hash = "sha256:312387403cd40699ab91d50735ea7a507b788091c416dd007eac54434aee51da"},
    {file = "MarkupSafe-3.0.1-cp313-cp313-manylinux_2_17_aarch64.manylinux2014_aarch64.whl", hash = "sha256:2ae99f31f47d849758a687102afdd05bd3d3ff7dbab0a8f1587981b58a76152a"},
    {file = "MarkupSafe-3.0.1-cp313-cp313-manylinux_2_17_x86_64.manylinux2014_x86_64.whl", hash = "sha256:c97ff7fedf56d86bae92fa0a646ce1a0ec7509a7578e1ed238731ba13aabcd1c"},
    {file = "MarkupSafe-3.0.1-cp313-cp313-manylinux_2_5_i686.manylinux1_i686.manylinux_2_17_i686.manylinux2014_i686.whl", hash = "sha256:a7420ceda262dbb4b8d839a4ec63d61c261e4e77677ed7c66c99f4e7cb5030dd"},
    {file = "MarkupSafe-3.0.1-cp313-cp313-musllinux_1_2_aarch64.whl", hash = "sha256:45d42d132cff577c92bfba536aefcfea7e26efb975bd455db4e6602f5c9f45e7"},
    {file = "MarkupSafe-3.0.1-cp313-cp313-musllinux_1_2_i686.whl", hash = "sha256:4c8817557d0de9349109acb38b9dd570b03cc5014e8aabf1cbddc6e81005becd"},
    {file = "MarkupSafe-3.0.1-cp313-cp313-musllinux_1_2_x86_64.whl", hash = "sha256:6a54c43d3ec4cf2a39f4387ad044221c66a376e58c0d0e971d47c475ba79c6b5"},
    {file = "MarkupSafe-3.0.1-cp313-cp313-win32.whl", hash = "sha256:c91b394f7601438ff79a4b93d16be92f216adb57d813a78be4446fe0f6bc2d8c"},
    {file = "MarkupSafe-3.0.1-cp313-cp313-win_amd64.whl", hash = "sha256:fe32482b37b4b00c7a52a07211b479653b7fe4f22b2e481b9a9b099d8a430f2f"},
    {file = "MarkupSafe-3.0.1-cp313-cp313t-macosx_10_13_universal2.whl", hash = "sha256:17b2aea42a7280db02ac644db1d634ad47dcc96faf38ab304fe26ba2680d359a"},
    {file = "MarkupSafe-3.0.1-cp313-cp313t-macosx_11_0_arm64.whl", hash = "sha256:852dc840f6d7c985603e60b5deaae1d89c56cb038b577f6b5b8c808c97580f1d"},
    {file = "MarkupSafe-3.0.1-cp313-cp313t-manylinux_2_17_aarch64.manylinux2014_aarch64.whl", hash = "sha256:0778de17cff1acaeccc3ff30cd99a3fd5c50fc58ad3d6c0e0c4c58092b859396"},
    {file = "MarkupSafe-3.0.1-cp313-cp313t-manylinux_2_17_x86_64.manylinux2014_x86_64.whl", hash = "sha256:800100d45176652ded796134277ecb13640c1a537cad3b8b53da45aa96330453"},
    {file = "MarkupSafe-3.0.1-cp313-cp313t-manylinux_2_5_i686.manylinux1_i686.manylinux_2_17_i686.manylinux2014_i686.whl", hash = "sha256:d06b24c686a34c86c8c1fba923181eae6b10565e4d80bdd7bc1c8e2f11247aa4"},
    {file = "MarkupSafe-3.0.1-cp313-cp313t-musllinux_1_2_aarch64.whl", hash = "sha256:33d1c36b90e570ba7785dacd1faaf091203d9942bc036118fab8110a401eb1a8"},
    {file = "MarkupSafe-3.0.1-cp313-cp313t-musllinux_1_2_i686.whl", hash = "sha256:beeebf760a9c1f4c07ef6a53465e8cfa776ea6a2021eda0d0417ec41043fe984"},
    {file = "MarkupSafe-3.0.1-cp313-cp313t-musllinux_1_2_x86_64.whl", hash = "sha256:bbde71a705f8e9e4c3e9e33db69341d040c827c7afa6789b14c6e16776074f5a"},
    {file = "MarkupSafe-3.0.1-cp313-cp313t-win32.whl", hash = "sha256:82b5dba6eb1bcc29cc305a18a3c5365d2af06ee71b123216416f7e20d2a84e5b"},
    {file = "MarkupSafe-3.0.1-cp313-cp313t-win_amd64.whl", hash = "sha256:730d86af59e0e43ce277bb83970530dd223bf7f2a838e086b50affa6ec5f9295"},
    {file = "MarkupSafe-3.0.1-cp39-cp39-macosx_10_9_universal2.whl", hash = "sha256:4935dd7883f1d50e2ffecca0aa33dc1946a94c8f3fdafb8df5c330e48f71b132"},
    {file = "MarkupSafe-3.0.1-cp39-cp39-macosx_11_0_arm64.whl", hash = "sha256:e9393357f19954248b00bed7c56f29a25c930593a77630c719653d51e7669c2a"},
    {file = "MarkupSafe-3.0.1-cp39-cp39-manylinux_2_17_aarch64.manylinux2014_aarch64.whl", hash = "sha256:40621d60d0e58aa573b68ac5e2d6b20d44392878e0bfc159012a5787c4e35bc8"},
    {file = "MarkupSafe-3.0.1-cp39-cp39-manylinux_2_17_x86_64.manylinux2014_x86_64.whl", hash = "sha256:f94190df587738280d544971500b9cafc9b950d32efcb1fba9ac10d84e6aa4e6"},
    {file = "MarkupSafe-3.0.1-cp39-cp39-manylinux_2_5_i686.manylinux1_i686.manylinux_2_17_i686.manylinux2014_i686.whl", hash = "sha256:b6a387d61fe41cdf7ea95b38e9af11cfb1a63499af2759444b99185c4ab33f5b"},
    {file = "MarkupSafe-3.0.1-cp39-cp39-musllinux_1_2_aarch64.whl", hash = "sha256:8ad4ad1429cd4f315f32ef263c1342166695fad76c100c5d979c45d5570ed58b"},
    {file = "MarkupSafe-3.0.1-cp39-cp39-musllinux_1_2_i686.whl", hash = "sha256:e24bfe89c6ac4c31792793ad9f861b8f6dc4546ac6dc8f1c9083c7c4f2b335cd"},
    {file = "MarkupSafe-3.0.1-cp39-cp39-musllinux_1_2_x86_64.whl", hash = "sha256:2a4b34a8d14649315c4bc26bbfa352663eb51d146e35eef231dd739d54a5430a"},
    {file = "MarkupSafe-3.0.1-cp39-cp39-win32.whl", hash = "sha256:242d6860f1fd9191aef5fae22b51c5c19767f93fb9ead4d21924e0bcb17619d8"},
    {file = "MarkupSafe-3.0.1-cp39-cp39-win_amd64.whl", hash = "sha256:93e8248d650e7e9d49e8251f883eed60ecbc0e8ffd6349e18550925e31bd029b"},
    {file = "markupsafe-3.0.1.tar.gz", hash = "sha256:3e683ee4f5d0fa2dde4db77ed8dd8a876686e3fc417655c2ece9a90576905344"},
]

[[package]]
name = "packaging"
version = "24.1"
description = "Core utilities for Python packages"
optional = false
python-versions = ">=3.8"
files = [
    {file = "packaging-24.1-py3-none-any.whl", hash = "sha256:5b8f2217dbdbd2f7f384c41c628544e6d52f2d0f53c6d0c3ea61aa5d1d7ff124"},
    {file = "packaging-24.1.tar.gz", hash = "sha256:026ed72c8ed3fcce5bf8950572258698927fd1dbda10a5e981cdf0ac37f4f002"},
]

[[package]]
name = "pluggy"
version = "1.5.0"
description = "plugin and hook calling mechanisms for python"
optional = false
python-versions = ">=3.8"
files = [
    {file = "pluggy-1.5.0-py3-none-any.whl", hash = "sha256:44e1ad92c8ca002de6377e165f3e0f1be63266ab4d554740532335b9d75ea669"},
    {file = "pluggy-1.5.0.tar.gz", hash = "sha256:2cffa88e94fdc978c4c574f15f9e59b7f4201d439195c3715ca9e2486f1d0cf1"},
]

[package.extras]
dev = ["pre-commit", "tox"]
testing = ["pytest", "pytest-benchmark"]

[[package]]
name = "pytest"
version = "8.3.2"
description = "pytest: simple powerful testing with Python"
optional = false
python-versions = ">=3.8"
files = [
    {file = "pytest-8.3.2-py3-none-any.whl", hash = "sha256:4ba08f9ae7dcf84ded419494d229b48d0903ea6407b030eaec46df5e6a73bba5"},
    {file = "pytest-8.3.2.tar.gz", hash = "sha256:c132345d12ce551242c87269de812483f5bcc87cdbb4722e48487ba194f9fdce"},
]

[package.dependencies]
colorama = {version = "*", markers = "sys_platform == \"win32\""}
iniconfig = "*"
packaging = "*"
pluggy = ">=1.5,<2"

[package.extras]
dev = ["argcomplete", "attrs (>=19.2)", "hypothesis (>=3.56)", "mock", "pygments (>=2.7.2)", "requests", "setuptools", "xmlschema"]

[[package]]
name = "pytest-asyncio"
version = "0.24.0"
description = "Pytest support for asyncio"
optional = false
python-versions = ">=3.8"
files = [
    {file = "pytest_asyncio-0.24.0-py3-none-any.whl", hash = "sha256:a811296ed596b69bf0b6f3dc40f83bcaf341b155a269052d82efa2b25ac7037b"},
    {file = "pytest_asyncio-0.24.0.tar.gz", hash = "sha256:d081d828e576d85f875399194281e92bf8a68d60d72d1a2faf2feddb6c46b276"},
]

[package.dependencies]
pytest = ">=8.2,<9"

[package.extras]
docs = ["sphinx (>=5.3)", "sphinx-rtd-theme (>=1.0)"]
testing = ["coverage (>=6.2)", "hypothesis (>=5.7.1)"]

[[package]]
name = "pytest-cov"
version = "5.0.0"
description = "Pytest plugin for measuring coverage."
optional = false
python-versions = ">=3.8"
files = [
    {file = "pytest-cov-5.0.0.tar.gz", hash = "sha256:5837b58e9f6ebd335b0f8060eecce69b662415b16dc503883a02f45dfeb14857"},
    {file = "pytest_cov-5.0.0-py3-none-any.whl", hash = "sha256:4f0764a1219df53214206bf1feea4633c3b558a2925c8b59f144f682861ce652"},
]

[package.dependencies]
coverage = {version = ">=5.2.1", extras = ["toml"]}
pytest = ">=4.6"

[package.extras]
testing = ["fields", "hunter", "process-tests", "pytest-xdist", "virtualenv"]

[[package]]
name = "pytest-mock"
version = "3.14.0"
description = "Thin-wrapper around the mock package for easier use with pytest"
optional = false
python-versions = ">=3.8"
files = [
    {file = "pytest-mock-3.14.0.tar.gz", hash = "sha256:2719255a1efeceadbc056d6bf3df3d1c5015530fb40cf347c0f9afac88410bd0"},
    {file = "pytest_mock-3.14.0-py3-none-any.whl", hash = "sha256:0b72c38033392a5f4621342fe11e9219ac11ec9d375f8e2a0c164539e0d70f6f"},
]

[package.dependencies]
pytest = ">=6.2.5"

[package.extras]
dev = ["pre-commit", "pytest-asyncio", "tox"]

[[package]]
name = "python-dotenv"
version = "1.0.1"
description = "Read key-value pairs from a .env file and set them as environment variables"
optional = false
python-versions = ">=3.8"
files = [
    {file = "python-dotenv-1.0.1.tar.gz", hash = "sha256:e324ee90a023d808f1959c46bcbc04446a10ced277783dc6ee09987c37ec10ca"},
    {file = "python_dotenv-1.0.1-py3-none-any.whl", hash = "sha256:f7b63ef50f1b690dddf550d03497b66d609393b40b564ed0d674909a68ebf16a"},
]

[package.extras]
cli = ["click (>=5.0)"]

[[package]]
name = "python-telegram-bot"
version = "21.5"
description = "We have made you a wrapper you can't refuse"
optional = false
python-versions = ">=3.8"
files = [
    {file = "python_telegram_bot-21.5-py3-none-any.whl", hash = "sha256:1bbba653477ba164411622b717a0cfe1eb7843da016348e41df97f96c93f578e"},
    {file = "python_telegram_bot-21.5.tar.gz", hash = "sha256:2d679173072cce8d6b49aac2e438d49dbfc01c1a4ef5658828c2a65951ee830b"},
]

[package.dependencies]
httpx = ">=0.27,<1.0"

[package.extras]
all = ["aiolimiter (>=1.1.0,<1.2.0)", "apscheduler (>=3.10.4,<3.11.0)", "cachetools (>=5.3.3,<5.6.0)", "cffi (>=1.17.0rc1)", "cryptography (>=39.0.1)", "httpx[http2]", "httpx[socks]", "pytz (>=2018.6)", "tornado (>=6.4,<7.0)"]
callback-data = ["cachetools (>=5.3.3,<5.6.0)"]
ext = ["aiolimiter (>=1.1.0,<1.2.0)", "apscheduler (>=3.10.4,<3.11.0)", "cachetools (>=5.3.3,<5.6.0)", "pytz (>=2018.6)", "tornado (>=6.4,<7.0)"]
http2 = ["httpx[http2]"]
job-queue = ["apscheduler (>=3.10.4,<3.11.0)", "pytz (>=2018.6)"]
passport = ["cffi (>=1.17.0rc1)", "cryptography (>=39.0.1)"]
rate-limiter = ["aiolimiter (>=1.1.0,<1.2.0)"]
socks = ["httpx[socks]"]
webhooks = ["tornado (>=6.4,<7.0)"]

[[package]]
name = "sniffio"
version = "1.3.1"
description = "Sniff out which async library your code is running under"
optional = false
python-versions = ">=3.7"
files = [
    {file = "sniffio-1.3.1-py3-none-any.whl", hash = "sha256:2f6da418d1f1e0fddd844478f41680e794e6051915791a034ff65e5f100525a2"},
    {file = "sniffio-1.3.1.tar.gz", hash = "sha256:f4324edc670a0f49750a81b895f35c3adb843cca46f0530f79fc1babb23789dc"},
]

[[package]]
name = "sqlalchemy"
version = "2.0.34"
description = "Database Abstraction Library"
optional = false
python-versions = ">=3.7"
files = [
    {file = "SQLAlchemy-2.0.34-cp310-cp310-macosx_10_9_x86_64.whl", hash = "sha256:95d0b2cf8791ab5fb9e3aa3d9a79a0d5d51f55b6357eecf532a120ba3b5524db"},
    {file = "SQLAlchemy-2.0.34-cp310-cp310-macosx_11_0_arm64.whl", hash = "sha256:243f92596f4fd4c8bd30ab8e8dd5965afe226363d75cab2468f2c707f64cd83b"},
    {file = "SQLAlchemy-2.0.34-cp310-cp310-manylinux_2_17_aarch64.manylinux2014_aarch64.whl", hash = "sha256:9ea54f7300553af0a2a7235e9b85f4204e1fc21848f917a3213b0e0818de9a24"},
    {file = "SQLAlchemy-2.0.34-cp310-cp310-manylinux_2_17_x86_64.manylinux2014_x86_64.whl", hash = "sha256:173f5f122d2e1bff8fbd9f7811b7942bead1f5e9f371cdf9e670b327e6703ebd"},
    {file = "SQLAlchemy-2.0.34-cp310-cp310-musllinux_1_2_aarch64.whl", hash = "sha256:196958cde924a00488e3e83ff917be3b73cd4ed8352bbc0f2989333176d1c54d"},
    {file = "SQLAlchemy-2.0.34-cp310-cp310-musllinux_1_2_x86_64.whl", hash = "sha256:bd90c221ed4e60ac9d476db967f436cfcecbd4ef744537c0f2d5291439848768"},
    {file = "SQLAlchemy-2.0.34-cp310-cp310-win32.whl", hash = "sha256:3166dfff2d16fe9be3241ee60ece6fcb01cf8e74dd7c5e0b64f8e19fab44911b"},
    {file = "SQLAlchemy-2.0.34-cp310-cp310-win_amd64.whl", hash = "sha256:6831a78bbd3c40f909b3e5233f87341f12d0b34a58f14115c9e94b4cdaf726d3"},
    {file = "SQLAlchemy-2.0.34-cp311-cp311-macosx_10_9_x86_64.whl", hash = "sha256:c7db3db284a0edaebe87f8f6642c2b2c27ed85c3e70064b84d1c9e4ec06d5d84"},
    {file = "SQLAlchemy-2.0.34-cp311-cp311-macosx_11_0_arm64.whl", hash = "sha256:430093fce0efc7941d911d34f75a70084f12f6ca5c15d19595c18753edb7c33b"},
    {file = "SQLAlchemy-2.0.34-cp311-cp311-manylinux_2_17_aarch64.manylinux2014_aarch64.whl", hash = "sha256:79cb400c360c7c210097b147c16a9e4c14688a6402445ac848f296ade6283bbc"},
    {file = "SQLAlchemy-2.0.34-cp311-cp311-manylinux_2_17_x86_64.manylinux2014_x86_64.whl", hash = "sha256:fb1b30f31a36c7f3fee848391ff77eebdd3af5750bf95fbf9b8b5323edfdb4ec"},
    {file = "SQLAlchemy-2.0.34-cp311-cp311-musllinux_1_2_aarch64.whl", hash = "sha256:8fddde2368e777ea2a4891a3fb4341e910a056be0bb15303bf1b92f073b80c02"},
    {file = "SQLAlchemy-2.0.34-cp311-cp311-musllinux_1_2_x86_64.whl", hash = "sha256:80bd73ea335203b125cf1d8e50fef06be709619eb6ab9e7b891ea34b5baa2287"},
    {file = "SQLAlchemy-2.0.34-cp311-cp311-win32.whl", hash = "sha256:6daeb8382d0df526372abd9cb795c992e18eed25ef2c43afe518c73f8cccb721"},
    {file = "SQLAlchemy-2.0.34-cp311-cp311-win_amd64.whl", hash = "sha256:5bc08e75ed11693ecb648b7a0a4ed80da6d10845e44be0c98c03f2f880b68ff4"},
    {file = "SQLAlchemy-2.0.34-cp312-cp312-macosx_10_9_x86_64.whl", hash = "sha256:53e68b091492c8ed2bd0141e00ad3089bcc6bf0e6ec4142ad6505b4afe64163e"},
    {file = "SQLAlchemy-2.0.34-cp312-cp312-macosx_11_0_arm64.whl", hash = "sha256:bcd18441a49499bf5528deaa9dee1f5c01ca491fc2791b13604e8f972877f812"},
    {file = "SQLAlchemy-2.0.34-cp312-cp312-manylinux_2_17_aarch64.manylinux2014_aarch64.whl", hash = "sha256:165bbe0b376541092bf49542bd9827b048357f4623486096fc9aaa6d4e7c59a2"},
    {file = "SQLAlchemy-2.0.34-cp312-cp312-manylinux_2_17_x86_64.manylinux2014_x86_64.whl", hash = "sha256:c3330415cd387d2b88600e8e26b510d0370db9b7eaf984354a43e19c40df2e2b"},
    {file = "SQLAlchemy-2.0.34-cp312-cp312-musllinux_1_2_aarch64.whl", hash = "sha256:97b850f73f8abbffb66ccbab6e55a195a0eb655e5dc74624d15cff4bfb35bd74"},
    {file = "SQLAlchemy-2.0.34-cp312-cp312-musllinux_1_2_x86_64.whl", hash = "sha256:7cee4c6917857fd6121ed84f56d1dc78eb1d0e87f845ab5a568aba73e78adf83"},
    {file = "SQLAlchemy-2.0.34-cp312-cp312-win32.whl", hash = "sha256:fbb034f565ecbe6c530dff948239377ba859420d146d5f62f0271407ffb8c580"},
    {file = "SQLAlchemy-2.0.34-cp312-cp312-win_amd64.whl", hash = "sha256:707c8f44931a4facd4149b52b75b80544a8d824162602b8cd2fe788207307f9a"},
    {file = "SQLAlchemy-2.0.34-cp37-cp37m-macosx_10_9_x86_64.whl", hash = "sha256:24af3dc43568f3780b7e1e57c49b41d98b2d940c1fd2e62d65d3928b6f95f021"},
    {file = "SQLAlchemy-2.0.34-cp37-cp37m-manylinux_2_17_aarch64.manylinux2014_aarch64.whl", hash = "sha256:e60ed6ef0a35c6b76b7640fe452d0e47acc832ccbb8475de549a5cc5f90c2c06"},
    {file = "SQLAlchemy-2.0.34-cp37-cp37m-manylinux_2_17_x86_64.manylinux2014_x86_64.whl", hash = "sha256:413c85cd0177c23e32dee6898c67a5f49296640041d98fddb2c40888fe4daa2e"},
    {file = "SQLAlchemy-2.0.34-cp37-cp37m-musllinux_1_2_aarch64.whl", hash = "sha256:25691f4adfb9d5e796fd48bf1432272f95f4bbe5f89c475a788f31232ea6afba"},
    {file = "SQLAlchemy-2.0.34-cp37-cp37m-musllinux_1_2_x86_64.whl", hash = "sha256:526ce723265643dbc4c7efb54f56648cc30e7abe20f387d763364b3ce7506c82"},
    {file = "SQLAlchemy-2.0.34-cp37-cp37m-win32.whl", hash = "sha256:13be2cc683b76977a700948411a94c67ad8faf542fa7da2a4b167f2244781cf3"},
    {file = "SQLAlchemy-2.0.34-cp37-cp37m-win_amd64.whl", hash = "sha256:e54ef33ea80d464c3dcfe881eb00ad5921b60f8115ea1a30d781653edc2fd6a2"},
    {file = "SQLAlchemy-2.0.34-cp38-cp38-macosx_10_9_x86_64.whl", hash = "sha256:43f28005141165edd11fbbf1541c920bd29e167b8bbc1fb410d4fe2269c1667a"},
    {file = "SQLAlchemy-2.0.34-cp38-cp38-macosx_11_0_arm64.whl", hash = "sha256:b68094b165a9e930aedef90725a8fcfafe9ef95370cbb54abc0464062dbf808f"},
    {file = "SQLAlchemy-2.0.34-cp38-cp38-manylinux_2_17_aarch64.manylinux2014_aarch64.whl", hash = "sha256:6a1e03db964e9d32f112bae36f0cc1dcd1988d096cfd75d6a588a3c3def9ab2b"},
    {file = "SQLAlchemy-2.0.34-cp38-cp38-manylinux_2_17_x86_64.manylinux2014_x86_64.whl", hash = "sha256:203d46bddeaa7982f9c3cc693e5bc93db476ab5de9d4b4640d5c99ff219bee8c"},
    {file = "SQLAlchemy-2.0.34-cp38-cp38-musllinux_1_2_aarch64.whl", hash = "sha256:ae92bebca3b1e6bd203494e5ef919a60fb6dfe4d9a47ed2453211d3bd451b9f5"},
    {file = "SQLAlchemy-2.0.34-cp38-cp38-musllinux_1_2_x86_64.whl", hash = "sha256:9661268415f450c95f72f0ac1217cc6f10256f860eed85c2ae32e75b60278ad8"},
    {file = "SQLAlchemy-2.0.34-cp38-cp38-win32.whl", hash = "sha256:895184dfef8708e15f7516bd930bda7e50ead069280d2ce09ba11781b630a434"},
    {file = "SQLAlchemy-2.0.34-cp38-cp38-win_amd64.whl", hash = "sha256:6e7cde3a2221aa89247944cafb1b26616380e30c63e37ed19ff0bba5e968688d"},
    {file = "SQLAlchemy-2.0.34-cp39-cp39-macosx_10_9_x86_64.whl", hash = "sha256:dbcdf987f3aceef9763b6d7b1fd3e4ee210ddd26cac421d78b3c206d07b2700b"},
    {file = "SQLAlchemy-2.0.34-cp39-cp39-macosx_11_0_arm64.whl", hash = "sha256:ce119fc4ce0d64124d37f66a6f2a584fddc3c5001755f8a49f1ca0a177ef9796"},
    {file = "SQLAlchemy-2.0.34-cp39-cp39-manylinux_2_17_aarch64.manylinux2014_aarch64.whl", hash = "sha256:a17d8fac6df9835d8e2b4c5523666e7051d0897a93756518a1fe101c7f47f2f0"},
    {file = "SQLAlchemy-2.0.34-cp39-cp39-manylinux_2_17_x86_64.manylinux2014_x86_64.whl", hash = "sha256:9ebc11c54c6ecdd07bb4efbfa1554538982f5432dfb8456958b6d46b9f834bb7"},
    {file = "SQLAlchemy-2.0.34-cp39-cp39-musllinux_1_2_aarch64.whl", hash = "sha256:2e6965346fc1491a566e019a4a1d3dfc081ce7ac1a736536367ca305da6472a8"},
    {file = "SQLAlchemy-2.0.34-cp39-cp39-musllinux_1_2_x86_64.whl", hash = "sha256:220574e78ad986aea8e81ac68821e47ea9202b7e44f251b7ed8c66d9ae3f4278"},
    {file = "SQLAlchemy-2.0.34-cp39-cp39-win32.whl", hash = "sha256:b75b00083e7fe6621ce13cfce9d4469c4774e55e8e9d38c305b37f13cf1e874c"},
    {file = "SQLAlchemy-2.0.34-cp39-cp39-win_amd64.whl", hash = "sha256:c29d03e0adf3cc1a8c3ec62d176824972ae29b67a66cbb18daff3062acc6faa8"},
    {file = "SQLAlchemy-2.0.34-py3-none-any.whl", hash = "sha256:7286c353ee6475613d8beff83167374006c6b3e3f0e6491bfe8ca610eb1dec0f"},
    {file = "sqlalchemy-2.0.34.tar.gz", hash = "sha256:10d8f36990dd929690666679b0f42235c159a7051534adb135728ee52828dd22"},
]

[package.dependencies]
greenlet = {version = "!=0.4.17", markers = "python_version < \"3.13\" and (platform_machine == \"aarch64\" or platform_machine == \"ppc64le\" or platform_machine == \"x86_64\" or platform_machine == \"amd64\" or platform_machine == \"AMD64\" or platform_machine == \"win32\" or platform_machine == \"WIN32\")"}
typing-extensions = ">=4.6.0"

[package.extras]
aiomysql = ["aiomysql (>=0.2.0)", "greenlet (!=0.4.17)"]
aioodbc = ["aioodbc", "greenlet (!=0.4.17)"]
aiosqlite = ["aiosqlite", "greenlet (!=0.4.17)", "typing_extensions (!=3.10.0.1)"]
asyncio = ["greenlet (!=0.4.17)"]
asyncmy = ["asyncmy (>=0.2.3,!=0.2.4,!=0.2.6)", "greenlet (!=0.4.17)"]
mariadb-connector = ["mariadb (>=1.0.1,!=1.1.2,!=1.1.5)"]
mssql = ["pyodbc"]
mssql-pymssql = ["pymssql"]
mssql-pyodbc = ["pyodbc"]
mypy = ["mypy (>=0.910)"]
mysql = ["mysqlclient (>=1.4.0)"]
mysql-connector = ["mysql-connector-python"]
oracle = ["cx_oracle (>=8)"]
oracle-oracledb = ["oracledb (>=1.0.1)"]
postgresql = ["psycopg2 (>=2.7)"]
postgresql-asyncpg = ["asyncpg", "greenlet (!=0.4.17)"]
postgresql-pg8000 = ["pg8000 (>=1.29.1)"]
postgresql-psycopg = ["psycopg (>=3.0.7)"]
postgresql-psycopg2binary = ["psycopg2-binary"]
postgresql-psycopg2cffi = ["psycopg2cffi"]
postgresql-psycopgbinary = ["psycopg[binary] (>=3.0.7)"]
pymysql = ["pymysql"]
sqlcipher = ["sqlcipher3_binary"]

[[package]]
name = "typing-extensions"
version = "4.12.2"
description = "Backported and Experimental Type Hints for Python 3.8+"
optional = false
python-versions = ">=3.8"
files = [
    {file = "typing_extensions-4.12.2-py3-none-any.whl", hash = "sha256:04e5ca0351e0f3f85c6853954072df659d0d13fac324d0072316b67d7794700d"},
    {file = "typing_extensions-4.12.2.tar.gz", hash = "sha256:1a7ead55c7e559dd4dee8856e3a88b41225abfe1ce8df57b7c13915fe121ffb8"},
]

[metadata]
lock-version = "2.0"
python-versions = "^3.11"
content-hash = "8adfbce10f2ccfc434457b95708655293a3413a32bc88fd84cbf09ae59ecd7aa"
